
Microsoft Visual Studio Solution File, Format Version 12.00
# Visual Studio Version 16
VisualStudioVersion = 16.0.31515.178
MinimumVisualStudioVersion = 10.0.40219.1
Project("{FAE04EC0-301F-11D3-BF4B-00C04F79EFBC}") = "ClassesAndObjects_ChildrenExercise_01", "ClassesAndObjects_ChildrenExercise_01.csproj", "{550764CC-E4CC-4745-AE69-4F1EE27CBD2C}"
EndProject
Global
	GlobalSection(SolutionConfigurationPlatforms) = preSolution
		Debug|Any CPU = Debug|Any CPU
		Release|Any CPU = Release|Any CPU
	EndGlobalSection
	GlobalSection(ProjectConfigurationPlatforms) = postSolution
		{550764CC-E4CC-4745-AE69-4F1EE27CBD2C}.Debug|Any CPU.ActiveCfg = Debug|Any CPU
		{550764CC-E4CC-4745-AE69-4F1EE27CBD2C}.Debug|Any CPU.Build.0 = Debug|Any CPU
		{550764CC-E4CC-4745-AE69-4F1EE27CBD2C}.Release|Any CPU.ActiveCfg = Release|Any CPU
		{550764CC-E4CC-4745-AE69-4F1EE27CBD2C}.Release|Any CPU.Build.0 = Release|Any CPU
	EndGlobalSection
	GlobalSection(SolutionProperties) = preSolution
		HideSolutionNode = FALSE
	EndGlobalSection
	GlobalSection(ExtensibilityGlobals) = postSolution
		SolutionGuid = {DF079CBA-4263-469D-B9BF-DD10D529C58B}
	EndGlobalSection
EndGlobal
